[[package]]
name = "interfaces"
source = "member"
dependencies = ["std"]

[[package]]
name = "math"
source = "member"
dependencies = [
    "interfaces",
    "std",
    "utils",
]

[[package]]
name = "std"
version = "0.68.9"
source = "registry+std?0.68.9#QmUaBxMs2JvY1bXgRCdeCsG3o6TN82ftRgv4Tq7ytqUGUT!"

[[package]]
name = "swap_exact_input_script"
source = "member"
dependencies = [
    "interfaces",
    "math",
    "std",
    "utils",
]

[[package]]
name = "swap_exact_output_script"
source = "member"
dependencies = [
    "interfaces",
    "math",
    "std",
    "utils",
]

[[package]]
name = "utils"
source = "member"
dependencies = [
    "interfaces",
    "std",
]
